
Microsoft Visual Studio Solution File, Format Version 12.00
# Visual Studio 15
VisualStudioVersion = 15.0.28307.572
MinimumVisualStudioVersion = 10.0.40219.1
Project("{FAE04EC0-301F-11D3-BF4B-00C04F79EFBC}") = "ConsoleExamples", "ch02\ConsoleExamples.csproj", "{59E7DFE1-4EA5-4BA8-A685-026EF3EB927A}"
EndProject
Global
	GlobalSection(SolutionConfigurationPlatforms) = preSolution
		Debug|Any CPU = Debug|Any CPU
		Release|Any CPU = Release|Any CPU
	EndGlobalSection
	GlobalSection(ProjectConfigurationPlatforms) = postSolution
		{59E7DFE1-4EA5-4BA8-A685-026EF3EB927A}.Debug|Any CPU.ActiveCfg = Debug|Any CPU
		{59E7DFE1-4EA5-4BA8-A685-026EF3EB927A}.Debug|Any CPU.Build.0 = Debug|Any CPU
		{59E7DFE1-4EA5-4BA8-A685-026EF3EB927A}.Release|Any CPU.ActiveCfg = Release|Any CPU
		{59E7DFE1-4EA5-4BA8-A685-026EF3EB927A}.Release|Any CPU.Build.0 = Release|Any CPU
	EndGlobalSection
	GlobalSection(SolutionProperties) = preSolution
		HideSolutionNode = FALSE
	EndGlobalSection
	GlobalSection(ExtensibilityGlobals) = postSolution
		SolutionGuid = {FC086C1C-E2E7-48D4-8836-B7A5C3744C07}
	EndGlobalSection
EndGlobal
